
Microsoft Visual Studio Solution File, Format Version 12.00
# Visual Studio 15
VisualStudioVersion = 15.0.27130.2010
MinimumVisualStudioVersion = 10.0.40219.1
Project("{9A19103F-16F7-4668-BE54-9A1E7A4F7556}") = "Solution.Device.Core", "Solution.Device.Core\Solution.Device.Core.csproj", "{C76C7C1A-2FC6-49A6-BC3A-57BD5451BBE3}"
EndProject
Project("{9A19103F-16F7-4668-BE54-9A1E7A4F7556}") = "Solution.Device.OpcUaDevice", "Solution.Device.OpcUaDevice\Solution.Device.OpcUaDevice.csproj", "{240F10C1-DE7C-449B-8A33-B8017C0395D3}"
EndProject
Project("{FAE04EC0-301F-11D3-BF4B-00C04F79EFBC}") = "Solution.Core", "Solution.Core\Solution.Core.csproj", "{B71925BD-E64C-4AE6-A8C6-3795BE7DD6DD}"
EndProject
Project("{FAE04EC0-301F-11D3-BF4B-00C04F79EFBC}") = "Solution.Desktop.Resource", "Solution.Desktop.Resource\Solution.Desktop.Resource.csproj", "{80BEC418-31AB-43BF-8207-8FF41643D7A0}"
EndProject
Project("{FAE04EC0-301F-11D3-BF4B-00C04F79EFBC}") = "Solution.Desktop.App", "Solution.Desktop.App\Solution.Desktop.App.csproj", "{2C84CBB8-3622-4F61-A5C7-A22D5A2AF9A9}"
EndProject
Project("{FAE04EC0-301F-11D3-BF4B-00C04F79EFBC}") = "Solution.Web.App", "Solution.Web.App\Solution.Web.App.csproj", "{116D1F74-B231-4EC6-A111-C6D6BAC12E64}"
EndProject
Project("{FAE04EC0-301F-11D3-BF4B-00C04F79EFBC}") = "Solution.Desktop.View", "Solution.Desktop.View\Solution.Desktop.View.csproj", "{C7F38ACD-B523-4DB1-B76C-E3CE2AA1E9B9}"
EndProject
Global
	GlobalSection(SolutionConfigurationPlatforms) = preSolution
		Debug|Any CPU = Debug|Any CPU
		Debug|ARM = Debug|ARM
		Debug|x64 = Debug|x64
		Debug|x86 = Debug|x86
		Release|Any CPU = Release|Any CPU
		Release|ARM = Release|ARM
		Release|x64 = Release|x64
		Release|x86 = Release|x86
	EndGlobalSection
	GlobalSection(ProjectConfigurationPlatforms) = postSolution
		{C76C7C1A-2FC6-49A6-BC3A-57BD5451BBE3}.Debug|Any CPU.ActiveCfg = Debug|Any CPU
		{C76C7C1A-2FC6-49A6-BC3A-57BD5451BBE3}.Debug|Any CPU.Build.0 = Debug|Any CPU
		{C76C7C1A-2FC6-49A6-BC3A-57BD5451BBE3}.Debug|ARM.ActiveCfg = Debug|Any CPU
		{C76C7C1A-2FC6-49A6-BC3A-57BD5451BBE3}.Debug|ARM.Build.0 = Debug|Any CPU
		{C76C7C1A-2FC6-49A6-BC3A-57BD5451BBE3}.Debug|x64.ActiveCfg = Debug|Any CPU
		{C76C7C1A-2FC6-49A6-BC3A-57BD5451BBE3}.Debug|x64.Build.0 = Debug|Any CPU
		{C76C7C1A-2FC6-49A6-BC3A-57BD5451BBE3}.Debug|x86.ActiveCfg = Debug|Any CPU
		{C76C7C1A-2FC6-49A6-BC3A-57BD5451BBE3}.Debug|x86.Build.0 = Debug|Any CPU
		{C76C7C1A-2FC6-49A6-BC3A-57BD5451BBE3}.Release|Any CPU.ActiveCfg = Release|Any CPU
		{C76C7C1A-2FC6-49A6-BC3A-57BD5451BBE3}.Release|Any CPU.Build.0 = Release|Any CPU
		{C76C7C1A-2FC6-49A6-BC3A-57BD5451BBE3}.Release|ARM.ActiveCfg = Release|Any CPU
		{C76C7C1A-2FC6-49A6-BC3A-57BD5451BBE3}.Release|ARM.Build.0 = Release|Any CPU
		{C76C7C1A-2FC6-49A6-BC3A-57BD5451BBE3}.Release|x64.ActiveCfg = Release|Any CPU
		{C76C7C1A-2FC6-49A6-BC3A-57BD5451BBE3}.Release|x64.Build.0 = Release|Any CPU
		{C76C7C1A-2FC6-49A6-BC3A-57BD5451BBE3}.Release|x86.ActiveCfg = Release|Any CPU
		{C76C7C1A-2FC6-49A6-BC3A-57BD5451BBE3}.Release|x86.Build.0 = Release|Any CPU
		{240F10C1-DE7C-449B-8A33-B8017C0395D3}.Debug|Any CPU.ActiveCfg = Debug|Any CPU
		{240F10C1-DE7C-449B-8A33-B8017C0395D3}.Debug|Any CPU.Build.0 = Debug|Any CPU
		{240F10C1-DE7C-449B-8A33-B8017C0395D3}.Debug|ARM.ActiveCfg = Debug|Any CPU
		{240F10C1-DE7C-449B-8A33-B8017C0395D3}.Debug|ARM.Build.0 = Debug|Any CPU
		{240F10C1-DE7C-449B-8A33-B8017C0395D3}.Debug|x64.ActiveCfg = Debug|Any CPU
		{240F10C1-DE7C-449B-8A33-B8017C0395D3}.Debug|x64.Build.0 = Debug|Any CPU
		{240F10C1-DE7C-449B-8A33-B8017C0395D3}.Debug|x86.ActiveCfg = Debug|Any CPU
		{240F10C1-DE7C-449B-8A33-B8017C0395D3}.Debug|x86.Build.0 = Debug|Any CPU
		{240F10C1-DE7C-449B-8A33-B8017C0395D3}.Release|Any CPU.ActiveCfg = Release|Any CPU
		{240F10C1-DE7C-449B-8A33-B8017C0395D3}.Release|Any CPU.Build.0 = Release|Any CPU
		{240F10C1-DE7C-449B-8A33-B8017C0395D3}.Release|ARM.ActiveCfg = Release|Any CPU
		{240F10C1-DE7C-449B-8A33-B8017C0395D3}.Release|ARM.Build.0 = Release|Any CPU
		{240F10C1-DE7C-449B-8A33-B8017C0395D3}.Release|x64.ActiveCfg = Release|Any CPU
		{240F10C1-DE7C-449B-8A33-B8017C0395D3}.Release|x64.Build.0 = Release|Any CPU
		{240F10C1-DE7C-449B-8A33-B8017C0395D3}.Release|x86.ActiveCfg = Release|Any CPU
		{240F10C1-DE7C-449B-8A33-B8017C0395D3}.Release|x86.Build.0 = Release|Any CPU
		{B71925BD-E64C-4AE6-A8C6-3795BE7DD6DD}.Debug|Any CPU.ActiveCfg = Debug|Any CPU
		{B71925BD-E64C-4AE6-A8C6-3795BE7DD6DD}.Debug|Any CPU.Build.0 = Debug|Any CPU
		{B71925BD-E64C-4AE6-A8C6-3795BE7DD6DD}.Debug|ARM.ActiveCfg = Debug|Any CPU
		{B71925BD-E64C-4AE6-A8C6-3795BE7DD6DD}.Debug|ARM.Build.0 = Debug|Any CPU
		{B71925BD-E64C-4AE6-A8C6-3795BE7DD6DD}.Debug|x64.ActiveCfg = Debug|Any CPU
		{B71925BD-E64C-4AE6-A8C6-3795BE7DD6DD}.Debug|x64.Build.0 = Debug|Any CPU
		{B71925BD-E64C-4AE6-A8C6-3795BE7DD6DD}.Debug|x86.ActiveCfg = Debug|Any CPU
		{B71925BD-E64C-4AE6-A8C6-3795BE7DD6DD}.Debug|x86.Build.0 = Debug|Any CPU
		{B71925BD-E64C-4AE6-A8C6-3795BE7DD6DD}.Release|Any CPU.ActiveCfg = Release|Any CPU
		{B71925BD-E64C-4AE6-A8C6-3795BE7DD6DD}.Release|Any CPU.Build.0 = Release|Any CPU
		{B71925BD-E64C-4AE6-A8C6-3795BE7DD6DD}.Release|ARM.ActiveCfg = Release|Any CPU
		{B71925BD-E64C-4AE6-A8C6-3795BE7DD6DD}.Release|ARM.Build.0 = Release|Any CPU
		{B71925BD-E64C-4AE6-A8C6-3795BE7DD6DD}.Release|x64.ActiveCfg = Release|Any CPU
		{B71925BD-E64C-4AE6-A8C6-3795BE7DD6DD}.Release|x64.Build.0 = Release|Any CPU
		{B71925BD-E64C-4AE6-A8C6-3795BE7DD6DD}.Release|x86.ActiveCfg = Release|Any CPU
		{B71925BD-E64C-4AE6-A8C6-3795BE7DD6DD}.Release|x86.Build.0 = Release|Any CPU
		{80BEC418-31AB-43BF-8207-8FF41643D7A0}.Debug|Any CPU.ActiveCfg = Debug|Any CPU
		{80BEC418-31AB-43BF-8207-8FF41643D7A0}.Debug|Any CPU.Build.0 = Debug|Any CPU
		{80BEC418-31AB-43BF-8207-8FF41643D7A0}.Debug|ARM.ActiveCfg = Debug|Any CPU
		{80BEC418-31AB-43BF-8207-8FF41643D7A0}.Debug|ARM.Build.0 = Debug|Any CPU
		{80BEC418-31AB-43BF-8207-8FF41643D7A0}.Debug|x64.ActiveCfg = Debug|Any CPU
		{80BEC418-31AB-43BF-8207-8FF41643D7A0}.Debug|x64.Build.0 = Debug|Any CPU
		{80BEC418-31AB-43BF-8207-8FF41643D7A0}.Debug|x86.ActiveCfg = Debug|Any CPU
		{80BEC418-31AB-43BF-8207-8FF41643D7A0}.Debug|x86.Build.0 = Debug|Any CPU
		{80BEC418-31AB-43BF-8207-8FF41643D7A0}.Release|Any CPU.ActiveCfg = Release|Any CPU
		{80BEC418-31AB-43BF-8207-8FF41643D7A0}.Release|Any CPU.Build.0 = Release|Any CPU
		{80BEC418-31AB-43BF-8207-8FF41643D7A0}.Release|ARM.ActiveCfg = Release|Any CPU
		{80BEC418-31AB-43BF-8207-8FF41643D7A0}.Release|ARM.Build.0 = Release|Any CPU
		{80BEC418-31AB-43BF-8207-8FF41643D7A0}.Release|x64.ActiveCfg = Release|Any CPU
		{80BEC418-31AB-43BF-8207-8FF41643D7A0}.Release|x64.Build.0 = Release|Any CPU
		{80BEC418-31AB-43BF-8207-8FF41643D7A0}.Release|x86.ActiveCfg = Release|Any CPU
		{80BEC418-31AB-43BF-8207-8FF41643D7A0}.Release|x86.Build.0 = Release|Any CPU
		{2C84CBB8-3622-4F61-A5C7-A22D5A2AF9A9}.Debug|Any CPU.ActiveCfg = Debug|Any CPU
		{2C84CBB8-3622-4F61-A5C7-A22D5A2AF9A9}.Debug|Any CPU.Build.0 = Debug|Any CPU
		{2C84CBB8-3622-4F61-A5C7-A22D5A2AF9A9}.Debug|ARM.ActiveCfg = Debug|Any CPU
		{2C84CBB8-3622-4F61-A5C7-A22D5A2AF9A9}.Debug|ARM.Build.0 = Debug|Any CPU
		{2C84CBB8-3622-4F61-A5C7-A22D5A2AF9A9}.Debug|x64.ActiveCfg = Debug|Any CPU
		{2C84CBB8-3622-4F61-A5C7-A22D5A2AF9A9}.Debug|x64.Build.0 = Debug|Any CPU
		{2C84CBB8-3622-4F61-A5C7-A22D5A2AF9A9}.Debug|x86.ActiveCfg = Debug|Any CPU
		{2C84CBB8-3622-4F61-A5C7-A22D5A2AF9A9}.Debug|x86.Build.0 = Debug|Any CPU
		{2C84CBB8-3622-4F61-A5C7-A22D5A2AF9A9}.Release|Any CPU.ActiveCfg = Release|Any CPU
		{2C84CBB8-3622-4F61-A5C7-A22D5A2AF9A9}.Release|Any CPU.Build.0 = Release|Any CPU
		{2C84CBB8-3622-4F61-A5C7-A22D5A2AF9A9}.Release|ARM.ActiveCfg = Release|Any CPU
		{2C84CBB8-3622-4F61-A5C7-A22D5A2AF9A9}.Release|ARM.Build.0 = Release|Any CPU
		{2C84CBB8-3622-4F61-A5C7-A22D5A2AF9A9}.Release|x64.ActiveCfg = Release|Any CPU
		{2C84CBB8-3622-4F61-A5C7-A22D5A2AF9A9}.Release|x64.Build.0 = Release|Any CPU
		{2C84CBB8-3622-4F61-A5C7-A22D5A2AF9A9}.Release|x86.ActiveCfg = Release|Any CPU
		{2C84CBB8-3622-4F61-A5C7-A22D5A2AF9A9}.Release|x86.Build.0 = Release|Any CPU
		{116D1F74-B231-4EC6-A111-C6D6BAC12E64}.Debug|Any CPU.ActiveCfg = Debug|Any CPU
		{116D1F74-B231-4EC6-A111-C6D6BAC12E64}.Debug|Any CPU.Build.0 = Debug|Any CPU
		{116D1F74-B231-4EC6-A111-C6D6BAC12E64}.Debug|ARM.ActiveCfg = Debug|Any CPU
		{116D1F74-B231-4EC6-A111-C6D6BAC12E64}.Debug|ARM.Build.0 = Debug|Any CPU
		{116D1F74-B231-4EC6-A111-C6D6BAC12E64}.Debug|x64.ActiveCfg = Debug|Any CPU
		{116D1F74-B231-4EC6-A111-C6D6BAC12E64}.Debug|x64.Build.0 = Debug|Any CPU
		{116D1F74-B231-4EC6-A111-C6D6BAC12E64}.Debug|x86.ActiveCfg = Debug|Any CPU
		{116D1F74-B231-4EC6-A111-C6D6BAC12E64}.Debug|x86.Build.0 = Debug|Any CPU
		{116D1F74-B231-4EC6-A111-C6D6BAC12E64}.Release|Any CPU.ActiveCfg = Release|Any CPU
		{116D1F74-B231-4EC6-A111-C6D6BAC12E64}.Release|Any CPU.Build.0 = Release|Any CPU
		{116D1F74-B231-4EC6-A111-C6D6BAC12E64}.Release|ARM.ActiveCfg = Release|Any CPU
		{116D1F74-B231-4EC6-A111-C6D6BAC12E64}.Release|ARM.Build.0 = Release|Any CPU
		{116D1F74-B231-4EC6-A111-C6D6BAC12E64}.Release|x64.ActiveCfg = Release|Any CPU
		{116D1F74-B231-4EC6-A111-C6D6BAC12E64}.Release|x64.Build.0 = Release|Any CPU
		{116D1F74-B231-4EC6-A111-C6D6BAC12E64}.Release|x86.ActiveCfg = Release|Any CPU
		{116D1F74-B231-4EC6-A111-C6D6BAC12E64}.Release|x86.Build.0 = Release|Any CPU
		{C7F38ACD-B523-4DB1-B76C-E3CE2AA1E9B9}.Debug|Any CPU.ActiveCfg = Debug|Any CPU
		{C7F38ACD-B523-4DB1-B76C-E3CE2AA1E9B9}.Debug|Any CPU.Build.0 = Debug|Any CPU
		{C7F38ACD-B523-4DB1-B76C-E3CE2AA1E9B9}.Debug|ARM.ActiveCfg = Debug|Any CPU
		{C7F38ACD-B523-4DB1-B76C-E3CE2AA1E9B9}.Debug|ARM.Build.0 = Debug|Any CPU
		{C7F38ACD-B523-4DB1-B76C-E3CE2AA1E9B9}.Debug|x64.ActiveCfg = Debug|Any CPU
		{C7F38ACD-B523-4DB1-B76C-E3CE2AA1E9B9}.Debug|x64.Build.0 = Debug|Any CPU
		{C7F38ACD-B523-4DB1-B76C-E3CE2AA1E9B9}.Debug|x86.ActiveCfg = Debug|Any CPU
		{C7F38ACD-B523-4DB1-B76C-E3CE2AA1E9B9}.Debug|x86.Build.0 = Debug|Any CPU
		{C7F38ACD-B523-4DB1-B76C-E3CE2AA1E9B9}.Release|Any CPU.ActiveCfg = Release|Any CPU
		{C7F38ACD-B523-4DB1-B76C-E3CE2AA1E9B9}.Release|Any CPU.Build.0 = Release|Any CPU
		{C7F38ACD-B523-4DB1-B76C-E3CE2AA1E9B9}.Release|ARM.ActiveCfg = Release|Any CPU
		{C7F38ACD-B523-4DB1-B76C-E3CE2AA1E9B9}.Release|ARM.Build.0 = Release|Any CPU
		{C7F38ACD-B523-4DB1-B76C-E3CE2AA1E9B9}.Release|x64.ActiveCfg = Release|Any CPU
		{C7F38ACD-B523-4DB1-B76C-E3CE2AA1E9B9}.Release|x64.Build.0 = Release|Any CPU
		{C7F38ACD-B523-4DB1-B76C-E3CE2AA1E9B9}.Release|x86.ActiveCfg = Release|Any CPU
		{C7F38ACD-B523-4DB1-B76C-E3CE2AA1E9B9}.Release|x86.Build.0 = Release|Any CPU
	EndGlobalSection
	GlobalSection(SolutionProperties) = preSolution
		HideSolutionNode = FALSE
	EndGlobalSection
	GlobalSection(ExtensibilityGlobals) = postSolution
		SolutionGuid = {D5662550-4238-4EDB-9D9A-9027C9A80A34}
	EndGlobalSection
EndGlobal
